
Microsoft Visual Studio Solution File, Format Version 12.00
# Visual Studio Version 17
VisualStudioVersion = 17.10.35027.167
MinimumVisualStudioVersion = 10.0.40219.1
Project("{FAE04EC0-301F-11D3-BF4B-00C04F79EFBC}") = "WebApiTeste", "WebApiTeste.csproj", "{FC6209A2-5531-43F1-8E0E-CD44A808AC91}"
EndProject
Global
	GlobalSection(SolutionConfigurationPlatforms) = preSolution
		Debug|Any CPU = Debug|Any CPU
		Release|Any CPU = Release|Any CPU
	EndGlobalSection
	GlobalSection(ProjectConfigurationPlatforms) = postSolution
		{FC6209A2-5531-43F1-8E0E-CD44A808AC91}.Debug|Any CPU.ActiveCfg = Debug|Any CPU
		{FC6209A2-5531-43F1-8E0E-CD44A808AC91}.Debug|Any CPU.Build.0 = Debug|Any CPU
		{FC6209A2-5531-43F1-8E0E-CD44A808AC91}.Release|Any CPU.ActiveCfg = Release|Any CPU
		{FC6209A2-5531-43F1-8E0E-CD44A808AC91}.Release|Any CPU.Build.0 = Release|Any CPU
	EndGlobalSection
	GlobalSection(SolutionProperties) = preSolution
		HideSolutionNode = FALSE
	EndGlobalSection
	GlobalSection(ExtensibilityGlobals) = postSolution
		SolutionGuid = {499D171C-65BF-439C-B8A6-64665E143FCE}
	EndGlobalSection
EndGlobal
